PODS:
  - SDWebImage (5.9.1):
    - SDWebImage/Core (= 5.9.1)
  - SDWebImage/Core (5.9.1)
  - SnapKit (5.0.1)
  - TZImagePickerController (3.4.2)

DEPENDENCIES:
  - SDWebImage
  - SnapKit
  - TZImagePickerController

SPEC REPOS:
  trunk:
    - SDWebImage
    - SnapKit
    - TZImagePickerController

SPEC CHECKSUMS:
  SDWebImage: a990c053fff71e388a10f3357edb0be17929c9c5
  SnapKit: 97b92857e3df3a0c71833cce143274bf6ef8e5eb
  TZImagePickerController: cc0b74d5f01ab4cddcc24dcdfc3c7d68e6261056

PODFILE CHECKSUM: eadcea70672dc740c1c6409bf487f9ea4d5409ff

COCOAPODS: 1.9.3
